
Microsoft Visual Studio Solution File, Format Version 12.00
# Visual Studio Version 17
VisualStudioVersion = 17.7.34024.191
MinimumVisualStudioVersion = 10.0.40219.1
Project("{9A19103F-16F7-4668-BE54-9A1E7A4F7556}") = "WebAppMiniRest", "WebAppMini\WebAppMiniRest.csproj", "{117B1218-B4EF-4F42-9DDB-3279B1ECECF9}"
EndProject
Project("{FAE04EC0-301F-11D3-BF4B-00C04F79EFBC}") = "WebAppMiniDI", "WebAppMiniDI\WebAppMiniDI.csproj", "{AD7B9AEB-367E-4C35-A622-B87D98DB347D}"
EndProject
Project("{FAE04EC0-301F-11D3-BF4B-00C04F79EFBC}") = "WebAppMiniIntro", "WebAppMiniRest\WebAppMiniIntro.csproj", "{0F77CEB4-392A-4BAD-87B4-B548C4E52949}"
EndProject
Global
	GlobalSection(SolutionConfigurationPlatforms) = preSolution
		Debug|Any CPU = Debug|Any CPU
		Release|Any CPU = Release|Any CPU
	EndGlobalSection
	GlobalSection(ProjectConfigurationPlatforms) = postSolution
		{117B1218-B4EF-4F42-9DDB-3279B1ECECF9}.Debug|Any CPU.ActiveCfg = Debug|Any CPU
		{117B1218-B4EF-4F42-9DDB-3279B1ECECF9}.Debug|Any CPU.Build.0 = Debug|Any CPU
		{117B1218-B4EF-4F42-9DDB-3279B1ECECF9}.Release|Any CPU.ActiveCfg = Release|Any CPU
		{117B1218-B4EF-4F42-9DDB-3279B1ECECF9}.Release|Any CPU.Build.0 = Release|Any CPU
		{AD7B9AEB-367E-4C35-A622-B87D98DB347D}.Debug|Any CPU.ActiveCfg = Debug|Any CPU
		{AD7B9AEB-367E-4C35-A622-B87D98DB347D}.Debug|Any CPU.Build.0 = Debug|Any CPU
		{AD7B9AEB-367E-4C35-A622-B87D98DB347D}.Release|Any CPU.ActiveCfg = Release|Any CPU
		{AD7B9AEB-367E-4C35-A622-B87D98DB347D}.Release|Any CPU.Build.0 = Release|Any CPU
		{0F77CEB4-392A-4BAD-87B4-B548C4E52949}.Debug|Any CPU.ActiveCfg = Debug|Any CPU
		{0F77CEB4-392A-4BAD-87B4-B548C4E52949}.Debug|Any CPU.Build.0 = Debug|Any CPU
		{0F77CEB4-392A-4BAD-87B4-B548C4E52949}.Release|Any CPU.ActiveCfg = Release|Any CPU
		{0F77CEB4-392A-4BAD-87B4-B548C4E52949}.Release|Any CPU.Build.0 = Release|Any CPU
	EndGlobalSection
	GlobalSection(SolutionProperties) = preSolution
		HideSolutionNode = FALSE
	EndGlobalSection
	GlobalSection(ExtensibilityGlobals) = postSolution
		SolutionGuid = {C15A51D9-E57A-4162-8CE5-2DD784E04D8F}
	EndGlobalSection
EndGlobal
